
Microsoft Visual Studio Solution File, Format Version 15.00
# Visual Studio 2017
Project("{FAE04EC0-301F-11D3-BF4B-00C04F79EFBC}") = "ProgrammingAssignment", "ProgrammingAssignment.csproj", "{E71B3CF5-5E8B-4352-9F48-BB2BEEF03D54}"
EndProject
Project("{FAE04EC0-301F-11D3-BF4B-00C04F79EFBC}") = "ProgrammingAssignment.Test", "ProgrammingAssignment.Test\ProgrammingAssignment.Test.csproj", "{BAA7A194-8B20-4E64-83B6-05C950F9C945}"
EndProject
Global
	GlobalSection(SolutionConfigurationPlatforms) = preSolution
		Debug|Any CPU = Debug|Any CPU
		Release|Any CPU = Release|Any CPU
		Debug|x64 = Debug|x64
		Debug|x86 = Debug|x86
		Release|x64 = Release|x64
		Release|x86 = Release|x86
	EndGlobalSection
	GlobalSection(ProjectConfigurationPlatforms) = postSolution
		{E71B3CF5-5E8B-4352-9F48-BB2BEEF03D54}.Debug|Any CPU.ActiveCfg = Debug|Any CPU
		{E71B3CF5-5E8B-4352-9F48-BB2BEEF03D54}.Debug|Any CPU.Build.0 = Debug|Any CPU
		{E71B3CF5-5E8B-4352-9F48-BB2BEEF03D54}.Release|Any CPU.ActiveCfg = Release|Any CPU
		{E71B3CF5-5E8B-4352-9F48-BB2BEEF03D54}.Release|Any CPU.Build.0 = Release|Any CPU
		{BAA7A194-8B20-4E64-83B6-05C950F9C945}.Debug|Any CPU.ActiveCfg = Debug|Any CPU
		{BAA7A194-8B20-4E64-83B6-05C950F9C945}.Debug|Any CPU.Build.0 = Debug|Any CPU
		{BAA7A194-8B20-4E64-83B6-05C950F9C945}.Debug|x64.ActiveCfg = Debug|x64
		{BAA7A194-8B20-4E64-83B6-05C950F9C945}.Debug|x64.Build.0 = Debug|x64
		{BAA7A194-8B20-4E64-83B6-05C950F9C945}.Debug|x86.ActiveCfg = Debug|x86
		{BAA7A194-8B20-4E64-83B6-05C950F9C945}.Debug|x86.Build.0 = Debug|x86
		{BAA7A194-8B20-4E64-83B6-05C950F9C945}.Release|Any CPU.ActiveCfg = Release|Any CPU
		{BAA7A194-8B20-4E64-83B6-05C950F9C945}.Release|Any CPU.Build.0 = Release|Any CPU
		{BAA7A194-8B20-4E64-83B6-05C950F9C945}.Release|x64.ActiveCfg = Release|x64
		{BAA7A194-8B20-4E64-83B6-05C950F9C945}.Release|x64.Build.0 = Release|x64
		{BAA7A194-8B20-4E64-83B6-05C950F9C945}.Release|x86.ActiveCfg = Release|x86
		{BAA7A194-8B20-4E64-83B6-05C950F9C945}.Release|x86.Build.0 = Release|x86
	EndGlobalSection
EndGlobal
